
Microsoft Visual Studio Solution File, Format Version 12.00
# Visual Studio Version 16
VisualStudioVersion = 16.0.31025.194
MinimumVisualStudioVersion = 10.0.40219.1
Project("{FAE04EC0-301F-11D3-BF4B-00C04F79EFBC}") = "P_4", "P_4\P_4.csproj", "{91772AEC-7033-4B5C-A20A-66E8A049BAA7}"
EndProject
Global
	GlobalSection(SolutionConfigurationPlatforms) = preSolution
		Debug|Any CPU = Debug|Any CPU
		Release|Any CPU = Release|Any CPU
	EndGlobalSection
	GlobalSection(ProjectConfigurationPlatforms) = postSolution
		{91772AEC-7033-4B5C-A20A-66E8A049BAA7}.Debug|Any CPU.ActiveCfg = Debug|Any CPU
		{91772AEC-7033-4B5C-A20A-66E8A049BAA7}.Debug|Any CPU.Build.0 = Debug|Any CPU
		{91772AEC-7033-4B5C-A20A-66E8A049BAA7}.Release|Any CPU.ActiveCfg = Release|Any CPU
		{91772AEC-7033-4B5C-A20A-66E8A049BAA7}.Release|Any CPU.Build.0 = Release|Any CPU
	EndGlobalSection
	GlobalSection(SolutionProperties) = preSolution
		HideSolutionNode = FALSE
	EndGlobalSection
	GlobalSection(ExtensibilityGlobals) = postSolution
		SolutionGuid = {7867CE02-DF50-47D8-937F-FC704DDBE728}
	EndGlobalSection
EndGlobal
