
Microsoft Visual Studio Solution File, Format Version 12.00
# Visual Studio Version 16
VisualStudioVersion = 16.0.31025.194
MinimumVisualStudioVersion = 10.0.40219.1
Project("{FAE04EC0-301F-11D3-BF4B-00C04F79EFBC}") = "week3", "week3\week3.csproj", "{146222CB-9FFC-4040-AB24-79137F79D012}"
EndProject
Global
	GlobalSection(SolutionConfigurationPlatforms) = preSolution
		Debug|Any CPU = Debug|Any CPU
		Release|Any CPU = Release|Any CPU
	EndGlobalSection
	GlobalSection(ProjectConfigurationPlatforms) = postSolution
		{146222CB-9FFC-4040-AB24-79137F79D012}.Debug|Any CPU.ActiveCfg = Debug|Any CPU
		{146222CB-9FFC-4040-AB24-79137F79D012}.Debug|Any CPU.Build.0 = Debug|Any CPU
		{146222CB-9FFC-4040-AB24-79137F79D012}.Release|Any CPU.ActiveCfg = Release|Any CPU
		{146222CB-9FFC-4040-AB24-79137F79D012}.Release|Any CPU.Build.0 = Release|Any CPU
	EndGlobalSection
	GlobalSection(SolutionProperties) = preSolution
		HideSolutionNode = FALSE
	EndGlobalSection
	GlobalSection(ExtensibilityGlobals) = postSolution
		SolutionGuid = {D95A3BFC-A363-41DD-93F4-4F664FC476C0}
	EndGlobalSection
EndGlobal
