
Microsoft Visual Studio Solution File, Format Version 12.00
# Visual Studio Version 16
VisualStudioVersion = 16.0.31025.194
MinimumVisualStudioVersion = 10.0.40219.1
Project("{FAE04EC0-301F-11D3-BF4B-00C04F79EFBC}") = "Week5_Project", "Week5_Project\Week5_Project.csproj", "{095C860E-2F01-48F4-8E26-52574051DEE9}"
EndProject
Project("{FAE04EC0-301F-11D3-BF4B-00C04F79EFBC}") = "BookInfoWindowApp", "BookInfoWindowApp\BookInfoWindowApp.csproj", "{FE1E8EF6-DE6B-441D-AD85-2BA3FA5ED18E}"
EndProject
Project("{FAE04EC0-301F-11D3-BF4B-00C04F79EFBC}") = "PointIndexerWindowApp", "PointIndexerWindowApp\PointIndexerWindowApp.csproj", "{DB30B3DE-4892-47F4-A016-8EEC8F213BB6}"
EndProject
Project("{FAE04EC0-301F-11D3-BF4B-00C04F79EFBC}") = "ComplexCalcWindowApp", "ComplexCalcWindowApp\ComplexCalcWindowApp.csproj", "{D3B622ED-DA8F-4D4D-AA91-0902A71D568E}"
EndProject
Project("{FAE04EC0-301F-11D3-BF4B-00C04F79EFBC}") = "DelegateCallWindowApp", "DelegateCallWindowApp\DelegateCallWindowApp.csproj", "{CC7F4897-6654-4DE2-973A-34B2CFC83E26}"
EndProject
Global
	GlobalSection(SolutionConfigurationPlatforms) = preSolution
		Debug|Any CPU = Debug|Any CPU
		Release|Any CPU = Release|Any CPU
	EndGlobalSection
	GlobalSection(ProjectConfigurationPlatforms) = postSolution
		{095C860E-2F01-48F4-8E26-52574051DEE9}.Debug|Any CPU.ActiveCfg = Debug|Any CPU
		{095C860E-2F01-48F4-8E26-52574051DEE9}.Debug|Any CPU.Build.0 = Debug|Any CPU
		{095C860E-2F01-48F4-8E26-52574051DEE9}.Release|Any CPU.ActiveCfg = Release|Any CPU
		{095C860E-2F01-48F4-8E26-52574051DEE9}.Release|Any CPU.Build.0 = Release|Any CPU
		{FE1E8EF6-DE6B-441D-AD85-2BA3FA5ED18E}.Debug|Any CPU.ActiveCfg = Debug|Any CPU
		{FE1E8EF6-DE6B-441D-AD85-2BA3FA5ED18E}.Debug|Any CPU.Build.0 = Debug|Any CPU
		{FE1E8EF6-DE6B-441D-AD85-2BA3FA5ED18E}.Release|Any CPU.ActiveCfg = Release|Any CPU
		{FE1E8EF6-DE6B-441D-AD85-2BA3FA5ED18E}.Release|Any CPU.Build.0 = Release|Any CPU
		{DB30B3DE-4892-47F4-A016-8EEC8F213BB6}.Debug|Any CPU.ActiveCfg = Debug|Any CPU
		{DB30B3DE-4892-47F4-A016-8EEC8F213BB6}.Debug|Any CPU.Build.0 = Debug|Any CPU
		{DB30B3DE-4892-47F4-A016-8EEC8F213BB6}.Release|Any CPU.ActiveCfg = Release|Any CPU
		{DB30B3DE-4892-47F4-A016-8EEC8F213BB6}.Release|Any CPU.Build.0 = Release|Any CPU
		{D3B622ED-DA8F-4D4D-AA91-0902A71D568E}.Debug|Any CPU.ActiveCfg = Debug|Any CPU
		{D3B622ED-DA8F-4D4D-AA91-0902A71D568E}.Debug|Any CPU.Build.0 = Debug|Any CPU
		{D3B622ED-DA8F-4D4D-AA91-0902A71D568E}.Release|Any CPU.ActiveCfg = Release|Any CPU
		{D3B622ED-DA8F-4D4D-AA91-0902A71D568E}.Release|Any CPU.Build.0 = Release|Any CPU
		{CC7F4897-6654-4DE2-973A-34B2CFC83E26}.Debug|Any CPU.ActiveCfg = Debug|Any CPU
		{CC7F4897-6654-4DE2-973A-34B2CFC83E26}.Debug|Any CPU.Build.0 = Debug|Any CPU
		{CC7F4897-6654-4DE2-973A-34B2CFC83E26}.Release|Any CPU.ActiveCfg = Release|Any CPU
		{CC7F4897-6654-4DE2-973A-34B2CFC83E26}.Release|Any CPU.Build.0 = Release|Any CPU
	EndGlobalSection
	GlobalSection(SolutionProperties) = preSolution
		HideSolutionNode = FALSE
	EndGlobalSection
	GlobalSection(ExtensibilityGlobals) = postSolution
		SolutionGuid = {EE9E533E-29E9-462A-863A-D4CBD64AE0AF}
	EndGlobalSection
EndGlobal
