
Microsoft Visual Studio Solution File, Format Version 12.00
# Visual Studio Version 16
VisualStudioVersion = 16.0.31025.194
MinimumVisualStudioVersion = 10.0.40219.1
Project("{FAE04EC0-301F-11D3-BF4B-00C04F79EFBC}") = "ExceptionExamProject", "ExceptionExamProject\ExceptionExamProject.csproj", "{65764921-47D1-4CC8-8014-F57415C65F84}"
EndProject
Project("{FAE04EC0-301F-11D3-BF4B-00C04F79EFBC}") = "ArrayFormApp", "ArrayFormApp\ArrayFormApp.csproj", "{97C6F487-87B8-439B-BB89-BBFC05581CA3}"
EndProject
Project("{FAE04EC0-301F-11D3-BF4B-00C04F79EFBC}") = "ThreadExamFormApp", "ThreadExamFormApp\ThreadExamFormApp.csproj", "{4BFD9D11-A087-488C-8957-F049B40E43B7}"
EndProject
Global
	GlobalSection(SolutionConfigurationPlatforms) = preSolution
		Debug|Any CPU = Debug|Any CPU
		Release|Any CPU = Release|Any CPU
	EndGlobalSection
	GlobalSection(ProjectConfigurationPlatforms) = postSolution
		{65764921-47D1-4CC8-8014-F57415C65F84}.Debug|Any CPU.ActiveCfg = Debug|Any CPU
		{65764921-47D1-4CC8-8014-F57415C65F84}.Debug|Any CPU.Build.0 = Debug|Any CPU
		{65764921-47D1-4CC8-8014-F57415C65F84}.Release|Any CPU.ActiveCfg = Release|Any CPU
		{65764921-47D1-4CC8-8014-F57415C65F84}.Release|Any CPU.Build.0 = Release|Any CPU
		{97C6F487-87B8-439B-BB89-BBFC05581CA3}.Debug|Any CPU.ActiveCfg = Debug|Any CPU
		{97C6F487-87B8-439B-BB89-BBFC05581CA3}.Debug|Any CPU.Build.0 = Debug|Any CPU
		{97C6F487-87B8-439B-BB89-BBFC05581CA3}.Release|Any CPU.ActiveCfg = Release|Any CPU
		{97C6F487-87B8-439B-BB89-BBFC05581CA3}.Release|Any CPU.Build.0 = Release|Any CPU
		{4BFD9D11-A087-488C-8957-F049B40E43B7}.Debug|Any CPU.ActiveCfg = Debug|Any CPU
		{4BFD9D11-A087-488C-8957-F049B40E43B7}.Debug|Any CPU.Build.0 = Debug|Any CPU
		{4BFD9D11-A087-488C-8957-F049B40E43B7}.Release|Any CPU.ActiveCfg = Release|Any CPU
		{4BFD9D11-A087-488C-8957-F049B40E43B7}.Release|Any CPU.Build.0 = Release|Any CPU
	EndGlobalSection
	GlobalSection(SolutionProperties) = preSolution
		HideSolutionNode = FALSE
	EndGlobalSection
	GlobalSection(ExtensibilityGlobals) = postSolution
		SolutionGuid = {867D7C19-CE30-48DA-8CB3-4C72BD75D998}
	EndGlobalSection
EndGlobal
