
Microsoft Visual Studio Solution File, Format Version 12.00
# Visual Studio Version 16
VisualStudioVersion = 16.0.31025.194
MinimumVisualStudioVersion = 10.0.40219.1
Project("{FAE04EC0-301F-11D3-BF4B-00C04F79EFBC}") = "problem_4", "problem_4\problem_4.csproj", "{37C6C6E8-E4D1-4C1C-9233-FFF55F0450ED}"
EndProject
Global
	GlobalSection(SolutionConfigurationPlatforms) = preSolution
		Debug|Any CPU = Debug|Any CPU
		Release|Any CPU = Release|Any CPU
	EndGlobalSection
	GlobalSection(ProjectConfigurationPlatforms) = postSolution
		{37C6C6E8-E4D1-4C1C-9233-FFF55F0450ED}.Debug|Any CPU.ActiveCfg = Debug|Any CPU
		{37C6C6E8-E4D1-4C1C-9233-FFF55F0450ED}.Debug|Any CPU.Build.0 = Debug|Any CPU
		{37C6C6E8-E4D1-4C1C-9233-FFF55F0450ED}.Release|Any CPU.ActiveCfg = Release|Any CPU
		{37C6C6E8-E4D1-4C1C-9233-FFF55F0450ED}.Release|Any CPU.Build.0 = Release|Any CPU
	EndGlobalSection
	GlobalSection(SolutionProperties) = preSolution
		HideSolutionNode = FALSE
	EndGlobalSection
	GlobalSection(ExtensibilityGlobals) = postSolution
		SolutionGuid = {F8717E53-F61B-45E4-9259-6DF1EF1E8725}
	EndGlobalSection
EndGlobal
